
Microsoft Visual Studio Solution File, Format Version 12.00
# Visual Studio Version 17
VisualStudioVersion = 17.0.31903.59
MinimumVisualStudioVersion = 10.0.40219.1
Project("{2150E333-8FDC-42A3-9474-1A3956D46DE8}") = "src", "src", "{827E0CD3-B72D-47B6-A68D-7590B98EB39B}"
EndProject
Project("{FAE04EC0-301F-11D3-BF4B-00C04F79EFBC}") = "PraeferenzRoO.Shared", "src\PraeferenzRoO.Shared\PraeferenzRoO.Shared.csproj", "{8AE8A0EE-35EF-4648-8D40-549D2F422A21}"
EndProject
Project("{FAE04EC0-301F-11D3-BF4B-00C04F79EFBC}") = "PraeferenzRoO.Domain", "src\PraeferenzRoO.Domain\PraeferenzRoO.Domain.csproj", "{3C0A92CD-E0D1-44CA-A6C0-17EB99F9688A}"
EndProject
Project("{FAE04EC0-301F-11D3-BF4B-00C04F79EFBC}") = "PraeferenzRoO.Application", "src\PraeferenzRoO.Application\PraeferenzRoO.Application.csproj", "{8AEAF467-DA4E-445E-B713-CEE82F0A05B2}"
EndProject
Project("{FAE04EC0-301F-11D3-BF4B-00C04F79EFBC}") = "PraeferenzRoO.Infrastructure", "src\PraeferenzRoO.Infrastructure\PraeferenzRoO.Infrastructure.csproj", "{9979DEFE-F8DF-4C8C-AB52-F5A4DED8DF23}"
EndProject
Project("{FAE04EC0-301F-11D3-BF4B-00C04F79EFBC}") = "PraeferenzRoO.Persistence", "src\PraeferenzRoO.Persistence\PraeferenzRoO.Persistence.csproj", "{FE2AA4EE-C4F1-4B70-B873-5326B238C119}"
EndProject
Project("{FAE04EC0-301F-11D3-BF4B-00C04F79EFBC}") = "PraeferenzRoO.Api", "src\PraeferenzRoO.Api\PraeferenzRoO.Api.csproj", "{0A9779C4-B505-4926-842D-5B50B1390DE4}"
EndProject
Project("{2150E333-8FDC-42A3-9474-1A3956D46DE8}") = "Tests", "Tests", "{0AB3BF05-4346-4AA6-1389-037BE0695223}"
EndProject
Project("{FAE04EC0-301F-11D3-BF4B-00C04F79EFBC}") = "PraeferenzRoO.Domain.Tests", "Tests\PraeferenzRoO.Domain.Tests\PraeferenzRoO.Domain.Tests.csproj", "{B3111E2E-0021-4388-9000-54ABDBFB2A78}"
EndProject
Project("{FAE04EC0-301F-11D3-BF4B-00C04F79EFBC}") = "PraeferenzRoO.Application.Tests", "Tests\PraeferenzRoO.Application.Tests\PraeferenzRoO.Application.Tests.csproj", "{597778A6-2A3B-4CA0-AAE8-D1336150684A}"
EndProject
Project("{FAE04EC0-301F-11D3-BF4B-00C04F79EFBC}") = "PraeferenzRoO.Api.Tests", "Tests\PraeferenzRoO.Api.Tests\PraeferenzRoO.Api.Tests.csproj", "{A63C18AF-4A75-4E05-80CF-097D3227D62A}"
EndProject
Global
	GlobalSection(SolutionConfigurationPlatforms) = preSolution
		Debug|Any CPU = Debug|Any CPU
		Debug|x64 = Debug|x64
		Debug|x86 = Debug|x86
		Release|Any CPU = Release|Any CPU
		Release|x64 = Release|x64
		Release|x86 = Release|x86
	EndGlobalSection
	GlobalSection(ProjectConfigurationPlatforms) = postSolution
		{8AE8A0EE-35EF-4648-8D40-549D2F422A21}.Debug|Any CPU.ActiveCfg = Debug|Any CPU
		{8AE8A0EE-35EF-4648-8D40-549D2F422A21}.Debug|Any CPU.Build.0 = Debug|Any CPU
		{8AE8A0EE-35EF-4648-8D40-549D2F422A21}.Debug|x64.ActiveCfg = Debug|Any CPU
		{8AE8A0EE-35EF-4648-8D40-549D2F422A21}.Debug|x64.Build.0 = Debug|Any CPU
		{8AE8A0EE-35EF-4648-8D40-549D2F422A21}.Debug|x86.ActiveCfg = Debug|Any CPU
		{8AE8A0EE-35EF-4648-8D40-549D2F422A21}.Debug|x86.Build.0 = Debug|Any CPU
		{8AE8A0EE-35EF-4648-8D40-549D2F422A21}.Release|Any CPU.ActiveCfg = Release|Any CPU
		{8AE8A0EE-35EF-4648-8D40-549D2F422A21}.Release|Any CPU.Build.0 = Release|Any CPU
		{8AE8A0EE-35EF-4648-8D40-549D2F422A21}.Release|x64.ActiveCfg = Release|Any CPU
		{8AE8A0EE-35EF-4648-8D40-549D2F422A21}.Release|x64.Build.0 = Release|Any CPU
		{8AE8A0EE-35EF-4648-8D40-549D2F422A21}.Release|x86.ActiveCfg = Release|Any CPU
		{8AE8A0EE-35EF-4648-8D40-549D2F422A21}.Release|x86.Build.0 = Release|Any CPU
		{3C0A92CD-E0D1-44CA-A6C0-17EB99F9688A}.Debug|Any CPU.ActiveCfg = Debug|Any CPU
		{3C0A92CD-E0D1-44CA-A6C0-17EB99F9688A}.Debug|Any CPU.Build.0 = Debug|Any CPU
		{3C0A92CD-E0D1-44CA-A6C0-17EB99F9688A}.Debug|x64.ActiveCfg = Debug|Any CPU
		{3C0A92CD-E0D1-44CA-A6C0-17EB99F9688A}.Debug|x64.Build.0 = Debug|Any CPU
		{3C0A92CD-E0D1-44CA-A6C0-17EB99F9688A}.Debug|x86.ActiveCfg = Debug|Any CPU
		{3C0A92CD-E0D1-44CA-A6C0-17EB99F9688A}.Debug|x86.Build.0 = Debug|Any CPU
		{3C0A92CD-E0D1-44CA-A6C0-17EB99F9688A}.Release|Any CPU.ActiveCfg = Release|Any CPU
		{3C0A92CD-E0D1-44CA-A6C0-17EB99F9688A}.Release|Any CPU.Build.0 = Release|Any CPU
		{3C0A92CD-E0D1-44CA-A6C0-17EB99F9688A}.Release|x64.ActiveCfg = Release|Any CPU
		{3C0A92CD-E0D1-44CA-A6C0-17EB99F9688A}.Release|x64.Build.0 = Release|Any CPU
		{3C0A92CD-E0D1-44CA-A6C0-17EB99F9688A}.Release|x86.ActiveCfg = Release|Any CPU
		{3C0A92CD-E0D1-44CA-A6C0-17EB99F9688A}.Release|x86.Build.0 = Release|Any CPU
		{8AEAF467-DA4E-445E-B713-CEE82F0A05B2}.Debug|Any CPU.ActiveCfg = Debug|Any CPU
		{8AEAF467-DA4E-445E-B713-CEE82F0A05B2}.Debug|Any CPU.Build.0 = Debug|Any CPU
		{8AEAF467-DA4E-445E-B713-CEE82F0A05B2}.Debug|x64.ActiveCfg = Debug|Any CPU
		{8AEAF467-DA4E-445E-B713-CEE82F0A05B2}.Debug|x64.Build.0 = Debug|Any CPU
		{8AEAF467-DA4E-445E-B713-CEE82F0A05B2}.Debug|x86.ActiveCfg = Debug|Any CPU
		{8AEAF467-DA4E-445E-B713-CEE82F0A05B2}.Debug|x86.Build.0 = Debug|Any CPU
		{8AEAF467-DA4E-445E-B713-CEE82F0A05B2}.Release|Any CPU.ActiveCfg = Release|Any CPU
		{8AEAF467-DA4E-445E-B713-CEE82F0A05B2}.Release|Any CPU.Build.0 = Release|Any CPU
		{8AEAF467-DA4E-445E-B713-CEE82F0A05B2}.Release|x64.ActiveCfg = Release|Any CPU
		{8AEAF467-DA4E-445E-B713-CEE82F0A05B2}.Release|x64.Build.0 = Release|Any CPU
		{8AEAF467-DA4E-445E-B713-CEE82F0A05B2}.Release|x86.ActiveCfg = Release|Any CPU
		{8AEAF467-DA4E-445E-B713-CEE82F0A05B2}.Release|x86.Build.0 = Release|Any CPU
		{9979DEFE-F8DF-4C8C-AB52-F5A4DED8DF23}.Debug|Any CPU.ActiveCfg = Debug|Any CPU
		{9979DEFE-F8DF-4C8C-AB52-F5A4DED8DF23}.Debug|Any CPU.Build.0 = Debug|Any CPU
		{9979DEFE-F8DF-4C8C-AB52-F5A4DED8DF23}.Debug|x64.ActiveCfg = Debug|Any CPU
		{9979DEFE-F8DF-4C8C-AB52-F5A4DED8DF23}.Debug|x64.Build.0 = Debug|Any CPU
		{9979DEFE-F8DF-4C8C-AB52-F5A4DED8DF23}.Debug|x86.ActiveCfg = Debug|Any CPU
		{9979DEFE-F8DF-4C8C-AB52-F5A4DED8DF23}.Debug|x86.Build.0 = Debug|Any CPU
		{9979DEFE-F8DF-4C8C-AB52-F5A4DED8DF23}.Release|Any CPU.ActiveCfg = Release|Any CPU
		{9979DEFE-F8DF-4C8C-AB52-F5A4DED8DF23}.Release|Any CPU.Build.0 = Release|Any CPU
		{9979DEFE-F8DF-4C8C-AB52-F5A4DED8DF23}.Release|x64.ActiveCfg = Release|Any CPU
		{9979DEFE-F8DF-4C8C-AB52-F5A4DED8DF23}.Release|x64.Build.0 = Release|Any CPU
		{9979DEFE-F8DF-4C8C-AB52-F5A4DED8DF23}.Release|x86.ActiveCfg = Release|Any CPU
		{9979DEFE-F8DF-4C8C-AB52-F5A4DED8DF23}.Release|x86.Build.0 = Release|Any CPU
		{FE2AA4EE-C4F1-4B70-B873-5326B238C119}.Debug|Any CPU.ActiveCfg = Debug|Any CPU
		{FE2AA4EE-C4F1-4B70-B873-5326B238C119}.Debug|Any CPU.Build.0 = Debug|Any CPU
		{FE2AA4EE-C4F1-4B70-B873-5326B238C119}.Debug|x64.ActiveCfg = Debug|Any CPU
		{FE2AA4EE-C4F1-4B70-B873-5326B238C119}.Debug|x64.Build.0 = Debug|Any CPU
		{FE2AA4EE-C4F1-4B70-B873-5326B238C119}.Debug|x86.ActiveCfg = Debug|Any CPU
		{FE2AA4EE-C4F1-4B70-B873-5326B238C119}.Debug|x86.Build.0 = Debug|Any CPU
		{FE2AA4EE-C4F1-4B70-B873-5326B238C119}.Release|Any CPU.ActiveCfg = Release|Any CPU
		{FE2AA4EE-C4F1-4B70-B873-5326B238C119}.Release|Any CPU.Build.0 = Release|Any CPU
		{FE2AA4EE-C4F1-4B70-B873-5326B238C119}.Release|x64.ActiveCfg = Release|Any CPU
		{FE2AA4EE-C4F1-4B70-B873-5326B238C119}.Release|x64.Build.0 = Release|Any CPU
		{FE2AA4EE-C4F1-4B70-B873-5326B238C119}.Release|x86.ActiveCfg = Release|Any CPU
		{FE2AA4EE-C4F1-4B70-B873-5326B238C119}.Release|x86.Build.0 = Release|Any CPU
		{0A9779C4-B505-4926-842D-5B50B1390DE4}.Debug|Any CPU.ActiveCfg = Debug|Any CPU
		{0A9779C4-B505-4926-842D-5B50B1390DE4}.Debug|Any CPU.Build.0 = Debug|Any CPU
		{0A9779C4-B505-4926-842D-5B50B1390DE4}.Debug|x64.ActiveCfg = Debug|Any CPU
		{0A9779C4-B505-4926-842D-5B50B1390DE4}.Debug|x64.Build.0 = Debug|Any CPU
		{0A9779C4-B505-4926-842D-5B50B1390DE4}.Debug|x86.ActiveCfg = Debug|Any CPU
		{0A9779C4-B505-4926-842D-5B50B1390DE4}.Debug|x86.Build.0 = Debug|Any CPU
		{0A9779C4-B505-4926-842D-5B50B1390DE4}.Release|Any CPU.ActiveCfg = Release|Any CPU
		{0A9779C4-B505-4926-842D-5B50B1390DE4}.Release|Any CPU.Build.0 = Release|Any CPU
		{0A9779C4-B505-4926-842D-5B50B1390DE4}.Release|x64.ActiveCfg = Release|Any CPU
		{0A9779C4-B505-4926-842D-5B50B1390DE4}.Release|x64.Build.0 = Release|Any CPU
		{0A9779C4-B505-4926-842D-5B50B1390DE4}.Release|x86.ActiveCfg = Release|Any CPU
		{0A9779C4-B505-4926-842D-5B50B1390DE4}.Release|x86.Build.0 = Release|Any CPU
		{B3111E2E-0021-4388-9000-54ABDBFB2A78}.Debug|Any CPU.ActiveCfg = Debug|Any CPU
		{B3111E2E-0021-4388-9000-54ABDBFB2A78}.Debug|Any CPU.Build.0 = Debug|Any CPU
		{B3111E2E-0021-4388-9000-54ABDBFB2A78}.Debug|x64.ActiveCfg = Debug|Any CPU
		{B3111E2E-0021-4388-9000-54ABDBFB2A78}.Debug|x64.Build.0 = Debug|Any CPU
		{B3111E2E-0021-4388-9000-54ABDBFB2A78}.Debug|x86.ActiveCfg = Debug|Any CPU
		{B3111E2E-0021-4388-9000-54ABDBFB2A78}.Debug|x86.Build.0 = Debug|Any CPU
		{B3111E2E-0021-4388-9000-54ABDBFB2A78}.Release|Any CPU.ActiveCfg = Release|Any CPU
		{B3111E2E-0021-4388-9000-54ABDBFB2A78}.Release|Any CPU.Build.0 = Release|Any CPU
		{B3111E2E-0021-4388-9000-54ABDBFB2A78}.Release|x64.ActiveCfg = Release|Any CPU
		{B3111E2E-0021-4388-9000-54ABDBFB2A78}.Release|x64.Build.0 = Release|Any CPU
		{B3111E2E-0021-4388-9000-54ABDBFB2A78}.Release|x86.ActiveCfg = Release|Any CPU
		{B3111E2E-0021-4388-9000-54ABDBFB2A78}.Release|x86.Build.0 = Release|Any CPU
		{597778A6-2A3B-4CA0-AAE8-D1336150684A}.Debug|Any CPU.ActiveCfg = Debug|Any CPU
		{597778A6-2A3B-4CA0-AAE8-D1336150684A}.Debug|Any CPU.Build.0 = Debug|Any CPU
		{597778A6-2A3B-4CA0-AAE8-D1336150684A}.Debug|x64.ActiveCfg = Debug|Any CPU
		{597778A6-2A3B-4CA0-AAE8-D1336150684A}.Debug|x64.Build.0 = Debug|Any CPU
		{597778A6-2A3B-4CA0-AAE8-D1336150684A}.Debug|x86.ActiveCfg = Debug|Any CPU
		{597778A6-2A3B-4CA0-AAE8-D1336150684A}.Debug|x86.Build.0 = Debug|Any CPU
		{597778A6-2A3B-4CA0-AAE8-D1336150684A}.Release|Any CPU.ActiveCfg = Release|Any CPU
		{597778A6-2A3B-4CA0-AAE8-D1336150684A}.Release|Any CPU.Build.0 = Release|Any CPU
		{597778A6-2A3B-4CA0-AAE8-D1336150684A}.Release|x64.ActiveCfg = Release|Any CPU
		{597778A6-2A3B-4CA0-AAE8-D1336150684A}.Release|x64.Build.0 = Release|Any CPU
		{597778A6-2A3B-4CA0-AAE8-D1336150684A}.Release|x86.ActiveCfg = Release|Any CPU
		{597778A6-2A3B-4CA0-AAE8-D1336150684A}.Release|x86.Build.0 = Release|Any CPU
		{A63C18AF-4A75-4E05-80CF-097D3227D62A}.Debug|Any CPU.ActiveCfg = Debug|Any CPU
		{A63C18AF-4A75-4E05-80CF-097D3227D62A}.Debug|Any CPU.Build.0 = Debug|Any CPU
		{A63C18AF-4A75-4E05-80CF-097D3227D62A}.Debug|x64.ActiveCfg = Debug|Any CPU
		{A63C18AF-4A75-4E05-80CF-097D3227D62A}.Debug|x64.Build.0 = Debug|Any CPU
		{A63C18AF-4A75-4E05-80CF-097D3227D62A}.Debug|x86.ActiveCfg = Debug|Any CPU
		{A63C18AF-4A75-4E05-80CF-097D3227D62A}.Debug|x86.Build.0 = Debug|Any CPU
		{A63C18AF-4A75-4E05-80CF-097D3227D62A}.Release|Any CPU.ActiveCfg = Release|Any CPU
		{A63C18AF-4A75-4E05-80CF-097D3227D62A}.Release|Any CPU.Build.0 = Release|Any CPU
		{A63C18AF-4A75-4E05-80CF-097D3227D62A}.Release|x64.ActiveCfg = Release|Any CPU
		{A63C18AF-4A75-4E05-80CF-097D3227D62A}.Release|x64.Build.0 = Release|Any CPU
		{A63C18AF-4A75-4E05-80CF-097D3227D62A}.Release|x86.ActiveCfg = Release|Any CPU
		{A63C18AF-4A75-4E05-80CF-097D3227D62A}.Release|x86.Build.0 = Release|Any CPU
	EndGlobalSection
	GlobalSection(SolutionProperties) = preSolution
		HideSolutionNode = FALSE
	EndGlobalSection
	GlobalSection(NestedProjects) = preSolution
		{8AE8A0EE-35EF-4648-8D40-549D2F422A21} = {827E0CD3-B72D-47B6-A68D-7590B98EB39B}
		{3C0A92CD-E0D1-44CA-A6C0-17EB99F9688A} = {827E0CD3-B72D-47B6-A68D-7590B98EB39B}
		{8AEAF467-DA4E-445E-B713-CEE82F0A05B2} = {827E0CD3-B72D-47B6-A68D-7590B98EB39B}
		{9979DEFE-F8DF-4C8C-AB52-F5A4DED8DF23} = {827E0CD3-B72D-47B6-A68D-7590B98EB39B}
		{FE2AA4EE-C4F1-4B70-B873-5326B238C119} = {827E0CD3-B72D-47B6-A68D-7590B98EB39B}
		{0A9779C4-B505-4926-842D-5B50B1390DE4} = {827E0CD3-B72D-47B6-A68D-7590B98EB39B}
		{B3111E2E-0021-4388-9000-54ABDBFB2A78} = {0AB3BF05-4346-4AA6-1389-037BE0695223}
		{597778A6-2A3B-4CA0-AAE8-D1336150684A} = {0AB3BF05-4346-4AA6-1389-037BE0695223}
		{A63C18AF-4A75-4E05-80CF-097D3227D62A} = {0AB3BF05-4346-4AA6-1389-037BE0695223}
	EndGlobalSection
EndGlobal
